{
  "version": 4,
  "terraform_version": "1.12.1",
  "serial": 269,
  "lineage": "04af6225-8aa0-2b14-f395-a2b1d57261f5",
  "outputs": {
    "vm_id": {
      "value": "/subscriptions/5874ba64-bf02-4220-8b9f-8cd2ab622fa5/resourceGroups/vm-rg/providers/Microsoft.Compute/virtualMachines/demo-vm",
      "type": "string"
    },
    "vm_public_ip": {
      "value": "52.170.210.111",
      "type": "string"
    }
  },
  "resources": [
    {
      "mode": "managed",
      "type": "azurerm_linux_virtual_machine",
      "name": "vm",
      "provider": "provider[\"registry.terraform.io/hashicorp/azurerm\"]",
      "instances": [
        {
          "schema_version": 0,
          "attributes": {
            "additional_capabilities": [],
            "admin_password": null,
            "admin_ssh_key": [
              {
                "public_key": "ssh-rsa AAAAB3NzaC1yc2EAAAADAQABAAACAQDQEWVevjtq3c6n6130iRAbUV9fB0BmxHBu91d1h03FFdppH319mC42uYSh2UbEkmd+cXktGyeKyf7zh65lIO/z2nN2EAwumKm6CGKlk111ESwggV2BhWCLjO31GYF2vkSY7/Xhob9UJLSrf3is3xU6QEv+A+pT45Kla07QHMAsmGn9xxEv7UIzrtJDR9BxLvgvIquvnZoOFqF2quy0kJ5PiJSwyU+RsOB58bCFwUJo5O9n4yc/sbTw4zjHhtCgN6YOPCh6JNjv3ohWte7kGbtzXpsmX4S36ataNY2L41DEMySXcuM+NVgCNBkq0MMv+VWlUQUh+K20VuVe420seMCSQ3CVT7QTgkqV4F6v1fVgwojCP5Agbz10YDpWTldPoL7n4LfJwYHBFlgJ3Rb1P80k/Y8i1PnyzCoBrA9LvHUINg/NH4AIScQkLnqDnpiT9htcl4PvOLJMbT4XD6I0e9B7QhGzcdPl4qkp1EM9UrGZqDQ9A4EgM8MsaTNzqIKs+sqmEnM7+i+qd/qasKYYXmgz9O+uzCENiPkfczGjeD22yDniWPqGbf/ukz56un111O8epIErf7O418yKcz43fSMIRaLjFAqP23YZva3m8Evik02W7L1e7ebV6np3+cfRIjNffJGIB/rJjnlUfwntfKWdml86BZuetVz4ApMnuT9Hrw== shuvam_4095e@SD-HP\n",
                "username": "azureuser"
              }
            ],
            "admin_username": "azureuser",
            "allow_extension_operations": true,
            "availability_set_id": "",
            "boot_diagnostics": [],
            "bypass_platform_safety_checks_on_user_schedule_enabled": false,
            "capacity_reservation_group_id": "",
            "computer_name": "demo-vm",
            "custom_data": "IyEvYmluL2Jhc2gKYXB0IHVwZGF0ZQphcHQgaW5zdGFsbCAteSBhcGFjaGUyCmVjaG8gIkhlbGxvIGZyb20gVGVycmFmb3JtIEFwYWNoZSBTZXJ2ZXIhIiA+IC92YXIvd3d3L2h0bWwvaW5kZXguaHRtbApzeXN0ZW1jdGwgZW5hYmxlIGFwYWNoZTIKc3lzdGVtY3RsIHN0YXJ0IGFwYWNoZTIK",
            "dedicated_host_group_id": "",
            "dedicated_host_id": "",
            "disable_password_authentication": true,
            "disk_controller_type": "",
            "edge_zone": "",
            "encryption_at_host_enabled": false,
            "eviction_policy": "",
            "extensions_time_budget": "PT1H30M",
            "gallery_application": [],
            "id": "/subscriptions/5874ba64-bf02-4220-8b9f-8cd2ab622fa5/resourceGroups/vm-rg/providers/Microsoft.Compute/virtualMachines/demo-vm",
            "identity": [],
            "license_type": "",
            "location": "eastus",
            "max_bid_price": -1,
            "name": "demo-vm",
            "network_interface_ids": [
              "/subscriptions/5874ba64-bf02-4220-8b9f-8cd2ab622fa5/resourceGroups/vm-rg/providers/Microsoft.Network/networkInterfaces/demo-vm-nic"
            ],
            "os_disk": [
              {
                "caching": "ReadWrite",
                "diff_disk_settings": [],
                "disk_encryption_set_id": "",
                "disk_size_gb": 30,
                "name": "demo-vm_disk1_e25abce17fbc4bc5b9ca0b85e5e93623",
                "secure_vm_disk_encryption_set_id": "",
                "security_encryption_type": "",
                "storage_account_type": "Standard_LRS",
                "write_accelerator_enabled": false
              }
            ],
            "os_image_notification": [],
            "patch_assessment_mode": "ImageDefault",
            "patch_mode": "ImageDefault",
            "plan": [],
            "platform_fault_domain": -1,
            "priority": "Regular",
            "private_ip_address": "10.0.1.4",
            "private_ip_addresses": [
              "10.0.1.4"
            ],
            "provision_vm_agent": true,
            "proximity_placement_group_id": "",
            "public_ip_address": "52.170.210.111",
            "public_ip_addresses": [
              "52.170.210.111"
            ],
            "reboot_setting": "",
            "resource_group_name": "vm-rg",
            "secret": [],
            "secure_boot_enabled": false,
            "size": "Standard_B2s",
            "source_image_id": "",
            "source_image_reference": [
              {
                "offer": "0001-com-ubuntu-server-jammy",
                "publisher": "Canonical",
                "sku": "22_04-lts",
                "version": "latest"
              }
            ],
            "tags": null,
            "termination_notification": null,
            "timeouts": null,
            "user_data": "",
            "virtual_machine_id": "ff0c981f-f368-4651-9a10-007d7d095120",
            "virtual_machine_scale_set_id": "",
            "vm_agent_platform_updates_enabled": false,
            "vtpm_enabled": false,
            "zone": ""
          },
          "sensitive_attributes": [
            [
              {
                "type": "get_attr",
                "value": "admin_password"
              }
            ],
            [
              {
                "type": "get_attr",
                "value": "custom_data"
              }
            ]
          ],
          "identity_schema_version": 0,
          "private": "eyJlMmJmYjczMC1lY2FhLTExZTYtOGY4OC0zNDM2M2JjN2M0YzAiOnsiY3JlYXRlIjoyNzAwMDAwMDAwMDAwLCJkZWxldGUiOjI3MDAwMDAwMDAwMDAsInJlYWQiOjMwMDAwMDAwMDAwMCwidXBkYXRlIjoyNzAwMDAwMDAwMDAwfX0=",
          "dependencies": [
            "azurerm_network_interface.vm_nic",
            "azurerm_public_ip.vm_public_ip",
            "azurerm_resource_group.vm_rg",
            "azurerm_subnet.vm_subnet",
            "azurerm_virtual_network.vm_vnet"
          ]
        }
      ]
    },
    {
      "mode": "managed",
      "type": "azurerm_network_interface",
      "name": "vm_nic",
      "provider": "provider[\"registry.terraform.io/hashicorp/azurerm\"]",
      "instances": [
        {
          "schema_version": 0,
          "attributes": {
            "accelerated_networking_enabled": false,
            "applied_dns_servers": [],
            "auxiliary_mode": "",
            "auxiliary_sku": "",
            "dns_servers": [],
            "edge_zone": "",
            "enable_accelerated_networking": false,
            "enable_ip_forwarding": false,
            "id": "/subscriptions/5874ba64-bf02-4220-8b9f-8cd2ab622fa5/resourceGroups/vm-rg/providers/Microsoft.Network/networkInterfaces/demo-vm-nic",
            "internal_dns_name_label": "",
            "internal_domain_name_suffix": "33bvtzqrokwundraw3122q203e.bx.internal.cloudapp.net",
            "ip_configuration": [
              {
                "gateway_load_balancer_frontend_ip_configuration_id": "",
                "name": "internal",
                "primary": true,
                "private_ip_address": "10.0.1.4",
                "private_ip_address_allocation": "Dynamic",
                "private_ip_address_version": "IPv4",
                "public_ip_address_id": "/subscriptions/5874ba64-bf02-4220-8b9f-8cd2ab622fa5/resourceGroups/vm-rg/providers/Microsoft.Network/publicIPAddresses/demo-vm-public-ip",
                "subnet_id": "/subscriptions/5874ba64-bf02-4220-8b9f-8cd2ab622fa5/resourceGroups/vm-rg/providers/Microsoft.Network/virtualNetworks/vm-vnet/subnets/vm-subnet"
              }
            ],
            "ip_forwarding_enabled": false,
            "location": "eastus",
            "mac_address": "",
            "name": "demo-vm-nic",
            "private_ip_address": "10.0.1.4",
            "private_ip_addresses": [
              "10.0.1.4"
            ],
            "resource_group_name": "vm-rg",
            "tags": null,
            "timeouts": null,
            "virtual_machine_id": ""
          },
          "sensitive_attributes": [],
          "identity_schema_version": 0,
          "private": "eyJlMmJmYjczMC1lY2FhLTExZTYtOGY4OC0zNDM2M2JjN2M0YzAiOnsiY3JlYXRlIjoxODAwMDAwMDAwMDAwLCJkZWxldGUiOjE4MDAwMDAwMDAwMDAsInJlYWQiOjMwMDAwMDAwMDAwMCwidXBkYXRlIjoxODAwMDAwMDAwMDAwfX0=",
          "dependencies": [
            "azurerm_public_ip.vm_public_ip",
            "azurerm_resource_group.vm_rg",
            "azurerm_subnet.vm_subnet",
            "azurerm_virtual_network.vm_vnet"
          ]
        }
      ]
    },
    {
      "mode": "managed",
      "type": "azurerm_network_interface_security_group_association",
      "name": "vm_nsg_assoc",
      "provider": "provider[\"registry.terraform.io/hashicorp/azurerm\"]",
      "instances": [
        {
          "schema_version": 0,
          "attributes": {
            "id": "/subscriptions/5874ba64-bf02-4220-8b9f-8cd2ab622fa5/resourceGroups/vm-rg/providers/Microsoft.Network/networkInterfaces/demo-vm-nic|/subscriptions/5874ba64-bf02-4220-8b9f-8cd2ab622fa5/resourceGroups/vm-rg/providers/Microsoft.Network/networkSecurityGroups/demo-vm-nsg",
            "network_interface_id": "/subscriptions/5874ba64-bf02-4220-8b9f-8cd2ab622fa5/resourceGroups/vm-rg/providers/Microsoft.Network/networkInterfaces/demo-vm-nic",
            "network_security_group_id": "/subscriptions/5874ba64-bf02-4220-8b9f-8cd2ab622fa5/resourceGroups/vm-rg/providers/Microsoft.Network/networkSecurityGroups/demo-vm-nsg",
            "timeouts": null
          },
          "sensitive_attributes": [],
          "identity_schema_version": 0,
          "private": "eyJlMmJmYjczMC1lY2FhLTExZTYtOGY4OC0zNDM2M2JjN2M0YzAiOnsiY3JlYXRlIjoxODAwMDAwMDAwMDAwLCJkZWxldGUiOjE4MDAwMDAwMDAwMDAsInJlYWQiOjMwMDAwMDAwMDAwMH19",
          "dependencies": [
            "azurerm_network_interface.vm_nic",
            "azurerm_network_security_group.vm_nsg",
            "azurerm_public_ip.vm_public_ip",
            "azurerm_resource_group.vm_rg",
            "azurerm_subnet.vm_subnet",
            "azurerm_virtual_network.vm_vnet"
          ]
        }
      ]
    },
    {
      "mode": "managed",
      "type": "azurerm_network_security_group",
      "name": "vm_nsg",
      "provider": "provider[\"registry.terraform.io/hashicorp/azurerm\"]",
      "instances": [
        {
          "schema_version": 0,
          "attributes": {
            "id": "/subscriptions/5874ba64-bf02-4220-8b9f-8cd2ab622fa5/resourceGroups/vm-rg/providers/Microsoft.Network/networkSecurityGroups/demo-vm-nsg",
            "location": "eastus",
            "name": "demo-vm-nsg",
            "resource_group_name": "vm-rg",
            "security_rule": [
              {
                "access": "Allow",
                "description": "",
                "destination_address_prefix": "*",
                "destination_address_prefixes": [],
                "destination_application_security_group_ids": [],
                "destination_port_range": "22",
                "destination_port_ranges": [],
                "direction": "Inbound",
                "name": "SSH",
                "priority": 100,
                "protocol": "Tcp",
                "source_address_prefix": "*",
                "source_address_prefixes": [],
                "source_application_security_group_ids": [],
                "source_port_range": "*",
                "source_port_ranges": []
              },
              {
                "access": "Allow",
                "description": "",
                "destination_address_prefix": "*",
                "destination_address_prefixes": [],
                "destination_application_security_group_ids": [],
                "destination_port_range": "80",
                "destination_port_ranges": [],
                "direction": "Inbound",
                "name": "HTTP",
                "priority": 101,
                "protocol": "Tcp",
                "source_address_prefix": "*",
                "source_address_prefixes": [],
                "source_application_security_group_ids": [],
                "source_port_range": "*",
                "source_port_ranges": []
              }
            ],
            "tags": null,
            "timeouts": null
          },
          "sensitive_attributes": [],
          "identity_schema_version": 0,
          "private": "eyJlMmJmYjczMC1lY2FhLTExZTYtOGY4OC0zNDM2M2JjN2M0YzAiOnsiY3JlYXRlIjoxODAwMDAwMDAwMDAwLCJkZWxldGUiOjE4MDAwMDAwMDAwMDAsInJlYWQiOjMwMDAwMDAwMDAwMCwidXBkYXRlIjoxODAwMDAwMDAwMDAwfX0=",
          "dependencies": [
            "azurerm_resource_group.vm_rg"
          ]
        }
      ]
    },
    {
      "mode": "managed",
      "type": "azurerm_public_ip",
      "name": "vm_public_ip",
      "provider": "provider[\"registry.terraform.io/hashicorp/azurerm\"]",
      "instances": [
        {
          "schema_version": 0,
          "attributes": {
            "allocation_method": "Static",
            "ddos_protection_mode": "VirtualNetworkInherited",
            "ddos_protection_plan_id": null,
            "domain_name_label": null,
            "edge_zone": "",
            "fqdn": null,
            "id": "/subscriptions/5874ba64-bf02-4220-8b9f-8cd2ab622fa5/resourceGroups/vm-rg/providers/Microsoft.Network/publicIPAddresses/demo-vm-public-ip",
            "idle_timeout_in_minutes": 4,
            "ip_address": "52.170.210.111",
            "ip_tags": null,
            "ip_version": "IPv4",
            "location": "eastus",
            "name": "demo-vm-public-ip",
            "public_ip_prefix_id": null,
            "resource_group_name": "vm-rg",
            "reverse_fqdn": null,
            "sku": "Basic",
            "sku_tier": "Regional",
            "tags": null,
            "timeouts": null,
            "zones": null
          },
          "sensitive_attributes": [],
          "identity_schema_version": 0,
          "private": "eyJlMmJmYjczMC1lY2FhLTExZTYtOGY4OC0zNDM2M2JjN2M0YzAiOnsiY3JlYXRlIjoxODAwMDAwMDAwMDAwLCJkZWxldGUiOjE4MDAwMDAwMDAwMDAsInJlYWQiOjMwMDAwMDAwMDAwMCwidXBkYXRlIjoxODAwMDAwMDAwMDAwfX0=",
          "dependencies": [
            "azurerm_resource_group.vm_rg"
          ]
        }
      ]
    },
    {
      "mode": "managed",
      "type": "azurerm_resource_group",
      "name": "vm_rg",
      "provider": "provider[\"registry.terraform.io/hashicorp/azurerm\"]",
      "instances": [
        {
          "schema_version": 0,
          "attributes": {
            "id": "/subscriptions/5874ba64-bf02-4220-8b9f-8cd2ab622fa5/resourceGroups/vm-rg",
            "location": "eastus",
            "managed_by": "",
            "name": "vm-rg",
            "tags": null,
            "timeouts": null
          },
          "sensitive_attributes": [],
          "identity_schema_version": 0,
          "private": "eyJlMmJmYjczMC1lY2FhLTExZTYtOGY4OC0zNDM2M2JjN2M0YzAiOnsiY3JlYXRlIjo1NDAwMDAwMDAwMDAwLCJkZWxldGUiOjU0MDAwMDAwMDAwMDAsInJlYWQiOjMwMDAwMDAwMDAwMCwidXBkYXRlIjo1NDAwMDAwMDAwMDAwfX0="
        }
      ]
    },
    {
      "mode": "managed",
      "type": "azurerm_subnet",
      "name": "vm_subnet",
      "provider": "provider[\"registry.terraform.io/hashicorp/azurerm\"]",
      "instances": [
        {
          "schema_version": 0,
          "attributes": {
            "address_prefixes": [
              "10.0.1.0/24"
            ],
            "default_outbound_access_enabled": true,
            "delegation": [],
            "enforce_private_link_endpoint_network_policies": false,
            "enforce_private_link_service_network_policies": false,
            "id": "/subscriptions/5874ba64-bf02-4220-8b9f-8cd2ab622fa5/resourceGroups/vm-rg/providers/Microsoft.Network/virtualNetworks/vm-vnet/subnets/vm-subnet",
            "name": "vm-subnet",
            "private_endpoint_network_policies": "Enabled",
            "private_endpoint_network_policies_enabled": true,
            "private_link_service_network_policies_enabled": true,
            "resource_group_name": "vm-rg",
            "service_endpoint_policy_ids": null,
            "service_endpoints": null,
            "timeouts": null,
            "virtual_network_name": "vm-vnet"
          },
          "sensitive_attributes": [],
          "identity_schema_version": 0,
          "private": "eyJlMmJmYjczMC1lY2FhLTExZTYtOGY4OC0zNDM2M2JjN2M0YzAiOnsiY3JlYXRlIjoxODAwMDAwMDAwMDAwLCJkZWxldGUiOjE4MDAwMDAwMDAwMDAsInJlYWQiOjMwMDAwMDAwMDAwMCwidXBkYXRlIjoxODAwMDAwMDAwMDAwfX0=",
          "dependencies": [
            "azurerm_resource_group.vm_rg",
            "azurerm_virtual_network.vm_vnet"
          ]
        }
      ]
    },
    {
      "mode": "managed",
      "type": "azurerm_virtual_network",
      "name": "vm_vnet",
      "provider": "provider[\"registry.terraform.io/hashicorp/azurerm\"]",
      "instances": [
        {
          "schema_version": 0,
          "attributes": {
            "address_space": [
              "10.0.0.0/16"
            ],
            "bgp_community": "",
            "ddos_protection_plan": [],
            "dns_servers": [],
            "edge_zone": "",
            "encryption": [],
            "flow_timeout_in_minutes": 0,
            "guid": "e65943ef-7211-46ad-8e20-b777ce439aec",
            "id": "/subscriptions/5874ba64-bf02-4220-8b9f-8cd2ab622fa5/resourceGroups/vm-rg/providers/Microsoft.Network/virtualNetworks/vm-vnet",
            "location": "eastus",
            "name": "vm-vnet",
            "resource_group_name": "vm-rg",
            "subnet": [],
            "tags": null,
            "timeouts": null
          },
          "sensitive_attributes": [],
          "identity_schema_version": 0,
          "private": "eyJlMmJmYjczMC1lY2FhLTExZTYtOGY4OC0zNDM2M2JjN2M0YzAiOnsiY3JlYXRlIjoxODAwMDAwMDAwMDAwLCJkZWxldGUiOjE4MDAwMDAwMDAwMDAsInJlYWQiOjMwMDAwMDAwMDAwMCwidXBkYXRlIjoxODAwMDAwMDAwMDAwfX0=",
          "dependencies": [
            "azurerm_resource_group.vm_rg"
          ]
        }
      ]
    }
  ],
  "check_results": null
}
